<?xml version="1.0" encoding="utf-8"?>
<Project ToolsVersion="4.0" xmlns="http://schemas.microsoft.com/developer/msbuild/2003">
  <ItemGroup>
    <Filter Include="Source Files">
      <UniqueIdentifier>{4FC737F1-C7A5-4376-A066-2A32D752A2FF}</UniqueIdentifier>
      <Extensions>cpp;c;cc;cxx;c++;cppm;ixx;def;odl;idl;hpj;bat;asm;asmx</Extensions>
    </Filter>
    <Filter Include="Header Files">
      <UniqueIdentifier>{93995380-89BD-4b04-88EB-625FBE52EBFB}</UniqueIdentifier>
      <Extensions>h;hh;hpp;hxx;h++;hm;inl;inc;ipp;xsd</Extensions>
    </Filter>
    <Filter Include="Resource Files">
      <UniqueIdentifier>{67DA6AB6-F800-4c08-8B7A-83BB121AAD01}</UniqueIdentifier>
      <Extensions>rc;ico;cur;bmp;dlg;rc2;rct;bin;rgs;gif;jpg;jpeg;jpe;resx;tiff;tif;png;wav;mfcribbon-ms</Extensions>
    </Filter>
  </ItemGroup>
  <ItemGroup>
    <ClCompile Include="Proyecto programación 1 Andy Sibaja Amador.cpp">
      <Filter>Source Files</Filter>
    </ClCompile>
    <ClCompile Include="BombGem.cpp">
      <Filter>Source Files</Filter>
    </ClCompile>
    <ClCompile Include="Gem.cpp">
      <Filter>Source Files</Filter>
    </ClCompile>
    <ClCompile Include="IceGem.cpp">
      <Filter>Source Files</Filter>
    </ClCompile>
    <ClCompile Include="NormalGem.cpp">
      <Filter>Source Files</Filter>
    </ClCompile>
    <ClCompile Include="Gameboard.cpp">
      <Filter>Source Files</Filter>
    </ClCompile>
    <ClCompile Include="Game.cpp">
      <Filter>Source Files</Filter>
    </ClCompile>
    <ClCompile Include="Menu.cpp">
      <Filter>Source Files</Filter>
    </ClCompile>
  </ItemGroup>
  <ItemGroup>
    <ClInclude Include="Gameboard.h">
      <Filter>Header Files</Filter>
    </ClInclude>
    <ClInclude Include="Game.h">
      <Filter>Header Files</Filter>
    </ClInclude>
    <ClInclude Include="Gem.h">
      <Filter>Header Files</Filter>
    </ClInclude>
    <ClInclude Include="BombGem.h">
      <Filter>Header Files</Filter>
    </ClInclude>
    <ClInclude Include="IceGem.h">
      <Filter>Header Files</Filter>
    </ClInclude>
    <ClInclude Include="NormalGem.h">
      <Filter>Header Files</Filter>
    </ClInclude>
    <ClInclude Include="Menu.h">
      <Filter>Header Files</Filter>
    </ClInclude>
  </ItemGroup>
  <ItemGroup>
    <Font Include="resources\fonts\OpenSans-Regular.ttf">
      <Filter>Resource Files</Filter>
    </Font>
  </ItemGroup>
  <ItemGroup>
    <Image Include="resources\main menu background.png">
      <Filter>Resource Files</Filter>
    </Image>
    <Image Include="resources\Gem 3 70.png">
      <Filter>Resource Files</Filter>
    </Image>
    <Image Include="resources\gem 4 70.png">
      <Filter>Resource Files</Filter>
    </Image>
    <Image Include="resources\gem 5 70.png">
      <Filter>Resource Files</Filter>
    </Image>
    <Image Include="resources\gem 2 70.png">
      <Filter>Resource Files</Filter>
    </Image>
    <Image Include="resources\gem 1 70.png">
      <Filter>Resource Files</Filter>
    </Image>
    <Image Include="resources\box grid 600.png">
      <Filter>Resource Files</Filter>
    </Image>
    <Image Include="resources\gem 6 70.png">
      <Filter>Resource Files</Filter>
    </Image>
    <Image Include="resources\end screen 800x600.png">
      <Filter>Resource Files</Filter>
    </Image>
    <Image Include="resources\red glow 70.png">
      <Filter>Resource Files</Filter>
    </Image>
    <Image Include="resources\red.png">
      <Filter>Resource Files</Filter>
    </Image>
    <Image Include="resources\red (1).JPG">
      <Filter>Resource Files</Filter>
    </Image>
    <Image Include="resources\back to menu 100.png">
      <Filter>Resource Files</Filter>
    </Image>
  </ItemGroup>
</Project>